
Microsoft Visual Studio Solution File, Format Version 11.00
# Visual Studio 2010
Project("{8BC9CEB8-8B4A-11D0-8D11-00A0C91BC942}") = "knight", "knight\knight.vcxproj", "{743AE67D-7920-4DE0-B638-5F62E463C8CF}"
EndProject
Global
	GlobalSection(SolutionConfigurationPlatforms) = preSolution
		Debug|Win32 = Debug|Win32
		Release|Win32 = Release|Win32
	EndGlobalSection
	GlobalSection(ProjectConfigurationPlatforms) = postSolution
		{743AE67D-7920-4DE0-B638-5F62E463C8CF}.Debug|Win32.ActiveCfg = Debug|Win32
		{743AE67D-7920-4DE0-B638-5F62E463C8CF}.Debug|Win32.Build.0 = Debug|Win32
		{743AE67D-7920-4DE0-B638-5F62E463C8CF}.Release|Win32.ActiveCfg = Release|Win32
		{743AE67D-7920-4DE0-B638-5F62E463C8CF}.Release|Win32.Build.0 = Release|Win32
	EndGlobalSection
	GlobalSection(SolutionProperties) = preSolution
		HideSolutionNode = FALSE
	EndGlobalSection
EndGlobal
